
Microsoft Visual Studio Solution File, Format Version 12.00
# Visual Studio Version 16
VisualStudioVersion = 16.0.29306.81
MinimumVisualStudioVersion = 10.0.40219.1
Project("{FAE04EC0-301F-11D3-BF4B-00C04F79EFBC}") = "ListaCircularNS", "ListaCircularEjemplo\ListaCircularNS.csproj", "{EFED01E2-810F-4E26-B5EB-EFE0C2B03C39}"
EndProject
Global
	GlobalSection(SolutionConfigurationPlatforms) = preSolution
		Debug|Any CPU = Debug|Any CPU
		Release|Any CPU = Release|Any CPU
	EndGlobalSection
	GlobalSection(ProjectConfigurationPlatforms) = postSolution
		{EFED01E2-810F-4E26-B5EB-EFE0C2B03C39}.Debug|Any CPU.ActiveCfg = Debug|Any CPU
		{EFED01E2-810F-4E26-B5EB-EFE0C2B03C39}.Debug|Any CPU.Build.0 = Debug|Any CPU
		{EFED01E2-810F-4E26-B5EB-EFE0C2B03C39}.Release|Any CPU.ActiveCfg = Release|Any CPU
		{EFED01E2-810F-4E26-B5EB-EFE0C2B03C39}.Release|Any CPU.Build.0 = Release|Any CPU
	EndGlobalSection
	GlobalSection(SolutionProperties) = preSolution
		HideSolutionNode = FALSE
	EndGlobalSection
	GlobalSection(ExtensibilityGlobals) = postSolution
		SolutionGuid = {C9694901-8822-43F4-B0E9-E9F6F1CE8351}
	EndGlobalSection
EndGlobal
